
Microsoft Visual Studio Solution File, Format Version 11.00
# Visual Studio 2010
Project("{FAE04EC0-301F-11D3-BF4B-00C04F79EFBC}") = "xylophone", "xylophone\xylophone.csproj", "{25E18F83-E4C2-4447-B35A-48FEF5287F47}"
EndProject
Project("{FAE04EC0-301F-11D3-BF4B-00C04F79EFBC}") = "xylophone.Tests", "xylophone.Tests\xylophone.Tests.csproj", "{FDCCF193-3F92-491B-93BC-FF86CB2429D8}"
EndProject
Global
	GlobalSection(SolutionConfigurationPlatforms) = preSolution
		Debug|Any CPU = Debug|Any CPU
		Release|Any CPU = Release|Any CPU
	EndGlobalSection
	GlobalSection(ProjectConfigurationPlatforms) = postSolution
		{25E18F83-E4C2-4447-B35A-48FEF5287F47}.Debug|Any CPU.ActiveCfg = Debug|Any CPU
		{25E18F83-E4C2-4447-B35A-48FEF5287F47}.Debug|Any CPU.Build.0 = Debug|Any CPU
		{25E18F83-E4C2-4447-B35A-48FEF5287F47}.Release|Any CPU.ActiveCfg = Release|Any CPU
		{25E18F83-E4C2-4447-B35A-48FEF5287F47}.Release|Any CPU.Build.0 = Release|Any CPU
		{FDCCF193-3F92-491B-93BC-FF86CB2429D8}.Debug|Any CPU.ActiveCfg = Debug|Any CPU
		{FDCCF193-3F92-491B-93BC-FF86CB2429D8}.Debug|Any CPU.Build.0 = Debug|Any CPU
		{FDCCF193-3F92-491B-93BC-FF86CB2429D8}.Release|Any CPU.ActiveCfg = Release|Any CPU
		{FDCCF193-3F92-491B-93BC-FF86CB2429D8}.Release|Any CPU.Build.0 = Release|Any CPU
	EndGlobalSection
	GlobalSection(SolutionProperties) = preSolution
		HideSolutionNode = FALSE
	EndGlobalSection
EndGlobal
